// !$*UTF8*$!
{
	archiveVersion = 1;
	classes = {
	};
	objectVersion = 77;
	objects = {

/* Begin PBXContainerItemProxy section */
		9EEC73BD2D4A9E92000AF61B /* PBXContainerItemProxy */ = {
			isa = PBXContainerItemProxy;
			containerPortal = 9EEC73A42D4A9E8F000AF61B /* Project object */;
			proxyType = 1;
			remoteGlobalIDString = 9EEC73AB2D4A9E8F000AF61B;
			remoteInfo = 5WordScramble;
		};
		9EEC73C72D4A9E92000AF61B /* PBXContainerItemProxy */ = {
			isa = PBXContainerItemProxy;
			containerPortal = 9EEC73A42D4A9E8F000AF61B /* Project object */;
			proxyType = 1;
			remoteGlobalIDString = 9EEC73AB2D4A9E8F000AF61B;
			remoteInfo = 5WordScramble;
		};
/* End PBXContainerItemProxy section */

/* Begin PBXFileReference section */
		9EEC73AC2D4A9E8F000AF61B /* 5WordScramble.app */ = {isa = PBXFileReference; explicitFileType = wrapper.application; includeInIndex = 0; path = 5WordScramble.app; sourceTree = BUILT_PRODUCTS_DIR; };
		9EEC73BC2D4A9E92000AF61B /* 5WordScrambleTests.xctest */ = {isa = PBXFileReference; explicitFileType = wrapper.cfbundle; includeInIndex = 0; path = 5WordScrambleTests.xctest; sourceTree = BUILT_PRODUCTS_DIR; };
		9EEC73C62D4A9E92000AF61B /* 5WordScrambleUITests.xctest */ = {isa = PBXFileReference; explicitFileType = wrapper.cfbundle; includeInIndex = 0; path = 5WordScrambleUITests.xctest; sourceTree = BUILT_PRODUCTS_DIR; };
/* End PBXFileReference section */

/* Begin PBXFileSystemSynchronizedRootGroup section */
		9EEC73AE2D4A9E8F000AF61B /* 5WordScramble */ = {
			isa = PBXFileSystemSynchronizedRootGroup;
			path = 5WordScramble;
			sourceTree = "<group>";
		};
		9EEC73BF2D4A9E92000AF61B /* 5WordScrambleTests */ = {
			isa = PBXFileSystemSynchronizedRootGroup;
			path = 5WordScrambleTests;
			sourceTree = "<group>";
		};
		9EEC73C92D4A9E92000AF61B /* 5WordScrambleUITests */ = {
			isa = PBXFileSystemSynchronizedRootGroup;
			path = 5WordScrambleUITests;
			sourceTree = "<group>";
		};
/* End PBXFileSystemSynchronizedRootGroup section */

/* Begin PBXFrameworksBuildPhase section */
		9EEC73A92D4A9E8F000AF61B /* Frameworks */ = {
			isa = PBXFrameworksBuildPhase;
			buildActionMask = 2147483647;
			files = (
			);
			runOnlyForDeploymentPostprocessing = 0;
		};
		9EEC73B92D4A9E92000AF61B /* Frameworks */ = {
			isa = PBXFrameworksBuildPhase;
			buildActionMask = 2147483647;
			files = (
			);
			runOnlyForDeploymentPostprocessing = 0;
		};
		9EEC73C32D4A9E92000AF61B /* Frameworks */ = {
			isa = PBXFrameworksBuildPhase;
			buildActionMask = 2147483647;
			files = (
			);
			runOnlyForDeploymentPostprocessing = 0;
		};
/* End PBXFrameworksBuildPhase section */

/* Begin PBXGroup section */
		9EEC73A32D4A9E8F000AF61B = {
			isa = PBXGroup;
			children = (
				9EEC73AE2D4A9E8F000AF61B /* 5WordScramble */,
				9EEC73BF2D4A9E92000AF61B /* 5WordScrambleTests */,
				9EEC73C92D4A9E92000AF61B /* 5WordScrambleUITests */,
				9EEC73AD2D4A9E8F000AF61B /* Products */,
			);
			sourceTree = "<group>";
		};
		9EEC73AD2D4A9E8F000AF61B /* Products */ = {
			isa = PBXGroup;
			children = (
				9EEC73AC2D4A9E8F000AF61B /* 5WordScramble.app */,
				9EEC73BC2D4A9E92000AF61B /* 5WordScrambleTests.xctest */,
				9EEC73C62D4A9E92000AF61B /* 5WordScrambleUITests.xctest */,
			);
			name = Products;
			sourceTree = "<group>";
		};
/* End PBXGroup section */

/* Begin PBXNativeTarget section */
		9EEC73AB2D4A9E8F000AF61B /* 5WordScramble */ = {
			isa = PBXNativeTarget;
			buildConfigurationList = 9EEC73D02D4A9E92000AF61B /* Build configuration list for PBXNativeTarget "5WordScramble" */;
			buildPhases = (
				9EEC73A82D4A9E8F000AF61B /* Sources */,
				9EEC73A92D4A9E8F000AF61B /* Frameworks */,
				9EEC73AA2D4A9E8F000AF61B /* Resources */,
			);
			buildRules = (
			);
			dependencies = (
			);
			fileSystemSynchronizedGroups = (
				9EEC73AE2D4A9E8F000AF61B /* 5WordScramble */,
			);
			name = 5WordScramble;
			packageProductDependencies = (
			);
			productName = 5WordScramble;
			productReference = 9EEC73AC2D4A9E8F000AF61B /* 5WordScramble.app */;
			productType = "com.apple.product-type.application";
		};
		9EEC73BB2D4A9E92000AF61B /* 5WordScrambleTests */ = {
			isa = PBXNativeTarget;
			buildConfigurationList = 9EEC73D32D4A9E92000AF61B /* Build configuration list for PBXNativeTarget "5WordScrambleTests" */;
			buildPhases = (
				9EEC73B82D4A9E92000AF61B /* Sources */,
				9EEC73B92D4A9E92000AF61B /* Frameworks */,
				9EEC73BA2D4A9E92000AF61B /* Resources */,
			);
			buildRules = (
			);
			dependencies = (
				9EEC73BE2D4A9E92000AF61B /* PBXTargetDependency */,
			);
			fileSystemSynchronizedGroups = (
				9EEC73BF2D4A9E92000AF61B /* 5WordScrambleTests */,
			);
			name = 5WordScrambleTests;
			packageProductDependencies = (
			);
			productName = 5WordScrambleTests;
			productReference = 9EEC73BC2D4A9E92000AF61B /* 5WordScrambleTests.xctest */;
			productType = "com.apple.product-type.bundle.unit-test";
		};
		9EEC73C52D4A9E92000AF61B /* 5WordScrambleUITests */ = {
			isa = PBXNativeTarget;
			buildConfigurationList = 9EEC73D62D4A9E92000AF61B /* Build configuration list for PBXNativeTarget "5WordScrambleUITests" */;
			buildPhases = (
				9EEC73C22D4A9E92000AF61B /* Sources */,
				9EEC73C32D4A9E92000AF61B /* Frameworks */,
				9EEC73C42D4A9E92000AF61B /* Resources */,
			);
			buildRules = (
			);
			dependencies = (
				9EEC73C82D4A9E92000AF61B /* PBXTargetDependency */,
			);
			fileSystemSynchronizedGroups = (
				9EEC73C92D4A9E92000AF61B /* 5WordScrambleUITests */,
			);
			name = 5WordScrambleUITests;
			packageProductDependencies = (
			);
			productName = 5WordScrambleUITests;
			productReference = 9EEC73C62D4A9E92000AF61B /* 5WordScrambleUITests.xctest */;
			productType = "com.apple.product-type.bundle.ui-testing";
		};
/* End PBXNativeTarget section */

/* Begin PBXProject section */
		9EEC73A42D4A9E8F000AF61B /* Project object */ = {
			isa = PBXProject;
			attributes = {
				BuildIndependentTargetsInParallel = 1;
				LastSwiftUpdateCheck = 1620;
				LastUpgradeCheck = 1620;
				TargetAttributes = {
					9EEC73AB2D4A9E8F000AF61B = {
						CreatedOnToolsVersion = 16.2;
					};
					9EEC73BB2D4A9E92000AF61B = {
						CreatedOnToolsVersion = 16.2;
						TestTargetID = 9EEC73AB2D4A9E8F000AF61B;
					};
					9EEC73C52D4A9E92000AF61B = {
						CreatedOnToolsVersion = 16.2;
						TestTargetID = 9EEC73AB2D4A9E8F000AF61B;
					};
				};
			};
			buildConfigurationList = 9EEC73A72D4A9E8F000AF61B /* Build configuration list for PBXProject "5WordScramble" */;
			developmentRegion = en;
			hasScannedForEncodings = 0;
			knownRegions = (
				en,
				Base,
			);
			mainGroup = 9EEC73A32D4A9E8F000AF61B;
			minimizedProjectReferenceProxies = 1;
			preferredProjectObjectVersion = 77;
			productRefGroup = 9EEC73AD2D4A9E8F000AF61B /* Products */;
			projectDirPath = "";
			projectRoot = "";
			targets = (
				9EEC73AB2D4A9E8F000AF61B /* 5WordScramble */,
				9EEC73BB2D4A9E92000AF61B /* 5WordScrambleTests */,
				9EEC73C52D4A9E92000AF61B /* 5WordScrambleUITests */,
			);
		};
/* End PBXProject section */

/* Begin PBXResourcesBuildPhase section */
		9EEC73AA2D4A9E8F000AF61B /* Resources */ = {
			isa = PBXResourcesBuildPhase;
			buildActionMask = 2147483647;
			files = (
			);
			runOnlyForDeploymentPostprocessing = 0;
		};
		9EEC73BA2D4A9E92000AF61B /* Resources */ = {
			isa = PBXResourcesBuildPhase;
			buildActionMask = 2147483647;
			files = (
			);
			runOnlyForDeploymentPostprocessing = 0;
		};
		9EEC73C42D4A9E92000AF61B /* Resources */ = {
			isa = PBXResourcesBuildPhase;
			buildActionMask = 2147483647;
			files = (
			);
			runOnlyForDeploymentPostprocessing = 0;
		};
/* End PBXResourcesBuildPhase section */

/* Begin PBXSourcesBuildPhase section */
		9EEC73A82D4A9E8F000AF61B /* Sources */ = {
			isa = PBXSourcesBuildPhase;
			buildActionMask = 2147483647;
			files = (
			);
			runOnlyForDeploymentPostprocessing = 0;
		};
		9EEC73B82D4A9E92000AF61B /* Sources */ = {
			isa = PBXSourcesBuildPhase;
			buildActionMask = 2147483647;
			files = (
			);
			runOnlyForDeploymentPostprocessing = 0;
		};
		9EEC73C22D4A9E92000AF61B /* Sources */ = {
			isa = PBXSourcesBuildPhase;
			buildActionMask = 2147483647;
			files = (
			);
			runOnlyForDeploymentPostprocessing = 0;
		};
/* End PBXSourcesBuildPhase section */

/* Begin PBXTargetDependency section */
		9EEC73BE2D4A9E92000AF61B /* PBXTargetDependency */ = {
			isa = PBXTargetDependency;
			target = 9EEC73AB2D4A9E8F000AF61B /* 5WordScramble */;
			targetProxy = 9EEC73BD2D4A9E92000AF61B /* PBXContainerItemProxy */;
		};
		9EEC73C82D4A9E92000AF61B /* PBXTargetDependency */ = {
			isa = PBXTargetDependency;
			target = 9EEC73AB2D4A9E8F000AF61B /* 5WordScramble */;
			targetProxy = 9EEC73C72D4A9E92000AF61B /* PBXContainerItemProxy */;
		};
/* End PBXTargetDependency section */

/* Begin XCBuildConfiguration section */
		9EEC73CE2D4A9E92000AF61B /* Debug */ = {
			isa = XCBuildConfiguration;
			buildSettings = {
				ALWAYS_SEARCH_USER_PATHS = NO;
				ASSETCATALOG_COMPILER_GENERATE_SWIFT_ASSET_SYMBOL_EXTENSIONS = YES;
				CLANG_ANALYZER_NONNULL = YES;
				CLANG_ANALYZER_NUMBER_OBJECT_CONVERSION = YES_AGGRESSIVE;
				CLANG_CXX_LANGUAGE_STANDARD = "gnu++20";
				CLANG_ENABLE_MODULES = YES;
				CLANG_ENABLE_OBJC_ARC = YES;
				CLANG_ENABLE_OBJC_WEAK = YES;
				CLANG_WARN_BLOCK_CAPTURE_AUTORELEASING = YES;
				CLANG_WARN_BOOL_CONVERSION = YES;
				CLANG_WARN_COMMA = YES;
				CLANG_WARN_CONSTANT_CONVERSION = YES;
				CLANG_WARN_DEPRECATED_OBJC_IMPLEMENTATIONS = YES;
				CLANG_WARN_DIRECT_OBJC_ISA_USAGE = YES_ERROR;
				CLANG_WARN_DOCUMENTATION_COMMENTS = YES;
				CLANG_WARN_EMPTY_BODY = YES;
				CLANG_WARN_ENUM_CONVERSION = YES;
				CLANG_WARN_INFINITE_RECURSION = YES;
				CLANG_WARN_INT_CONVERSION = YES;
				CLANG_WARN_NON_LITERAL_NULL_CONVERSION = YES;
				CLANG_WARN_OBJC_IMPLICIT_RETAIN_SELF = YES;
				CLANG_WARN_OBJC_LITERAL_CONVERSION = YES;
				CLANG_WARN_OBJC_ROOT_CLASS = YES_ERROR;
				CLANG_WARN_QUOTED_INCLUDE_IN_FRAMEWORK_HEADER = YES;
				CLANG_WARN_RANGE_LOOP_ANALYSIS = YES;
				CLANG_WARN_STRICT_PROTOTYPES = YES;
				CLANG_WARN_SUSPICIOUS_MOVE = YES;
				CLANG_WARN_UNGUARDED_AVAILABILITY = YES_AGGRESSIVE;
				CLANG_WARN_UNREACHABLE_CODE = YES;
				CLANG_WARN__DUPLICATE_METHOD_MATCH = YES;
				COPY_PHASE_STRIP = NO;
				DEBUG_INFORMATION_FORMAT = dwarf;
				ENABLE_STRICT_OBJC_MSGSEND = YES;
				ENABLE_TESTABILITY = YES;
				ENABLE_USER_SCRIPT_SANDBOXING = YES;
				GCC_C_LANGUAGE_STANDARD = gnu17;
				GCC_DYNAMIC_NO_PIC = NO;
				GCC_NO_COMMON_BLOCKS = YES;
				GCC_OPTIMIZATION_LEVEL = 0;
				GCC_PREPROCESSOR_DEFINITIONS = (
					"DEBUG=1",
					"$(inherited)",
				);
				GCC_WARN_64_TO_32_BIT_CONVERSION = YES;
				GCC_WARN_ABOUT_RETURN_TYPE = YES_ERROR;
				GCC_WARN_UNDECLARED_SELECTOR = YES;
				GCC_WARN_UNINITIALIZED_AUTOS = YES_AGGRESSIVE;
				GCC_WARN_UNUSED_FUNCTION = YES;
				GCC_WARN_UNUSED_VARIABLE = YES;
				IPHONEOS_DEPLOYMENT_TARGET = 18.2;
				LOCALIZATION_PREFERS_STRING_CATALOGS = YES;
				MTL_ENABLE_DEBUG_INFO = INCLUDE_SOURCE;
				MTL_FAST_MATH = YES;
				ONLY_ACTIVE_ARCH = YES;
				SDKROOT = iphoneos;
				SWIFT_ACTIVE_COMPILATION_CONDITIONS = "DEBUG $(inherited)";
				SWIFT_OPTIMIZATION_LEVEL = "-Onone";
			};
			name = Debug;
		};
		9EEC73CF2D4A9E92000AF61B /* Release */ = {
			isa = XCBuildConfiguration;
			buildSettings = {
				ALWAYS_SEARCH_USER_PATHS = NO;
				ASSETCATALOG_COMPILER_GENERATE_SWIFT_ASSET_SYMBOL_EXTENSIONS = YES;
				CLANG_ANALYZER_NONNULL = YES;
				CLANG_ANALYZER_NUMBER_OBJECT_CONVERSION = YES_AGGRESSIVE;
				CLANG_CXX_LANGUAGE_STANDARD = "gnu++20";
				CLANG_ENABLE_MODULES = YES;
				CLANG_ENABLE_OBJC_ARC = YES;
				CLANG_ENABLE_OBJC_WEAK = YES;
				CLANG_WARN_BLOCK_CAPTURE_AUTORELEASING = YES;
				CLANG_WARN_BOOL_CONVERSION = YES;
				CLANG_WARN_COMMA = YES;
				CLANG_WARN_CONSTANT_CONVERSION = YES;
				CLANG_WARN_DEPRECATED_OBJC_IMPLEMENTATIONS = YES;
				CLANG_WARN_DIRECT_OBJC_ISA_USAGE = YES_ERROR;
				CLANG_WARN_DOCUMENTATION_COMMENTS = YES;
				CLANG_WARN_EMPTY_BODY = YES;
				CLANG_WARN_ENUM_CONVERSION = YES;
				CLANG_WARN_INFINITE_RECURSION = YES;
				CLANG_WARN_INT_CONVERSION = YES;
				CLANG_WARN_NON_LITERAL_NULL_CONVERSION = YES;
				CLANG_WARN_OBJC_IMPLICIT_RETAIN_SELF = YES;
				CLANG_WARN_OBJC_LITERAL_CONVERSION = YES;
				CLANG_WARN_OBJC_ROOT_CLASS = YES_ERROR;
				CLANG_WARN_QUOTED_INCLUDE_IN_FRAMEWORK_HEADER = YES;
				CLANG_WARN_RANGE_LOOP_ANALYSIS = YES;
				CLANG_WARN_STRICT_PROTOTYPES = YES;
				CLANG_WARN_SUSPICIOUS_MOVE = YES;
				CLANG_WARN_UNGUARDED_AVAILABILITY = YES_AGGRESSIVE;
				CLANG_WARN_UNREACHABLE_CODE = YES;
				CLANG_WARN__DUPLICATE_METHOD_MATCH = YES;
				COPY_PHASE_STRIP = NO;
				DEBUG_INFORMATION_FORMAT = "dwarf-with-dsym";
				ENABLE_NS_ASSERTIONS = NO;
				ENABLE_STRICT_OBJC_MSGSEND = YES;
				ENABLE_USER_SCRIPT_SANDBOXING = YES;
				GCC_C_LANGUAGE_STANDARD = gnu17;
				GCC_NO_COMMON_BLOCKS = YES;
				GCC_WARN_64_TO_32_BIT_CONVERSION = YES;
				GCC_WARN_ABOUT_RETURN_TYPE = YES_ERROR;
				GCC_WARN_UNDECLARED_SELECTOR = YES;
				GCC_WARN_UNINITIALIZED_AUTOS = YES_AGGRESSIVE;
				GCC_WARN_UNUSED_FUNCTION = YES;
				GCC_WARN_UNUSED_VARIABLE = YES;
				IPHONEOS_DEPLOYMENT_TARGET = 18.2;
				LOCALIZATION_PREFERS_STRING_CATALOGS = YES;
				MTL_ENABLE_DEBUG_INFO = NO;
				MTL_FAST_MATH = YES;
				SDKROOT = iphoneos;
				SWIFT_COMPILATION_MODE = wholemodule;
				VALIDATE_PRODUCT = YES;
			};
			name = Release;
		};
		9EEC73D12D4A9E92000AF61B /* Debug */ = {
			isa = XCBuildConfiguration;
			buildSettings = {
				ASSETCATALOG_COMPILER_APPICON_NAME = AppIcon;
				ASSETCATALOG_COMPILER_GLOBAL_ACCENT_COLOR_NAME = AccentColor;
				CODE_SIGN_STYLE = Automatic;
				CURRENT_PROJECT_VERSION = 1;
				DEVELOPMENT_ASSET_PATHS = "\"5WordScramble/Preview Content\"";
				DEVELOPMENT_TEAM = SX3NPQ665W;
				ENABLE_PREVIEWS = YES;
				GENERATE_INFOPLIST_FILE = YES;
				INFOPLIST_KEY_UIApplicationSceneManifest_Generation = YES;
				INFOPLIST_KEY_UIApplicationSupportsIndirectInputEvents = YES;
				INFOPLIST_KEY_UILaunchScreen_Generation = YES;
				INFOPLIST_KEY_UISupportedInterfaceOrientations_iPad = "UIInterfaceOrientationPortrait UIInterfaceOrientationPortraitUpsideDown UIInterfaceOrientationLandscapeLeft UIInterfaceOrientationLandscapeRight";
				INFOPLIST_KEY_UISupportedInterfaceOrientations_iPhone = "UIInterfaceOrientationPortrait UIInterfaceOrientationLandscapeLeft UIInterfaceOrientationLandscapeRight";
				LD_RUNPATH_SEARCH_PATHS = (
					"$(inherited)",
					"@executable_path/Frameworks",
				);
				MARKETING_VERSION = 1.0;
				PRODUCT_BUNDLE_IDENTIFIER = "nicolasDerbez.-WordScramble";
				PRODUCT_NAME = "$(TARGET_NAME)";
				SWIFT_EMIT_LOC_STRINGS = YES;
				SWIFT_VERSION = 5.0;
				TARGETED_DEVICE_FAMILY = "1,2";
			};
			name = Debug;
		};
		9EEC73D22D4A9E92000AF61B /* Release */ = {
			isa = XCBuildConfiguration;
			buildSettings = {
				ASSETCATALOG_COMPILER_APPICON_NAME = AppIcon;
				ASSETCATALOG_COMPILER_GLOBAL_ACCENT_COLOR_NAME = AccentColor;
				CODE_SIGN_STYLE = Automatic;
				CURRENT_PROJECT_VERSION = 1;
				DEVELOPMENT_ASSET_PATHS = "\"5WordScramble/Preview Content\"";
				DEVELOPMENT_TEAM = SX3NPQ665W;
				ENABLE_PREVIEWS = YES;
				GENERATE_INFOPLIST_FILE = YES;
				INFOPLIST_KEY_UIApplicationSceneManifest_Generation = YES;
				INFOPLIST_KEY_UIApplicationSupportsIndirectInputEvents = YES;
				INFOPLIST_KEY_UILaunchScreen_Generation = YES;
				INFOPLIST_KEY_UISupportedInterfaceOrientations_iPad = "UIInterfaceOrientationPortrait UIInterfaceOrientationPortraitUpsideDown UIInterfaceOrientationLandscapeLeft UIInterfaceOrientationLandscapeRight";
				INFOPLIST_KEY_UISupportedInterfaceOrientations_iPhone = "UIInterfaceOrientationPortrait UIInterfaceOrientationLandscapeLeft UIInterfaceOrientationLandscapeRight";
				LD_RUNPATH_SEARCH_PATHS = (
					"$(inherited)",
					"@executable_path/Frameworks",
				);
				MARKETING_VERSION = 1.0;
				PRODUCT_BUNDLE_IDENTIFIER = "nicolasDerbez.-WordScramble";
				PRODUCT_NAME = "$(TARGET_NAME)";
				SWIFT_EMIT_LOC_STRINGS = YES;
				SWIFT_VERSION = 5.0;
				TARGETED_DEVICE_FAMILY = "1,2";
			};
			name = Release;
		};
		9EEC73D42D4A9E92000AF61B /* Debug */ = {
			isa = XCBuildConfiguration;
			buildSettings = {
				BUNDLE_LOADER = "$(TEST_HOST)";
				CODE_SIGN_STYLE = Automatic;
				CURRENT_PROJECT_VERSION = 1;
				DEVELOPMENT_TEAM = SX3NPQ665W;
				GENERATE_INFOPLIST_FILE = YES;
				IPHONEOS_DEPLOYMENT_TARGET = 18.2;
				MARKETING_VERSION = 1.0;
				PRODUCT_BUNDLE_IDENTIFIER = "nicolasDerbez.-WordScrambleTests";
				PRODUCT_NAME = "$(TARGET_NAME)";
				SWIFT_EMIT_LOC_STRINGS = NO;
				SWIFT_VERSION = 5.0;
				TARGETED_DEVICE_FAMILY = "1,2";
				TEST_HOST = "$(BUILT_PRODUCTS_DIR)/5WordScramble.app/$(BUNDLE_EXECUTABLE_FOLDER_PATH)/5WordScramble";
			};
			name = Debug;
		};
		9EEC73D52D4A9E92000AF61B /* Release */ = {
			isa = XCBuildConfiguration;
			buildSettings = {
				BUNDLE_LOADER = "$(TEST_HOST)";
				CODE_SIGN_STYLE = Automatic;
				CURRENT_PROJECT_VERSION = 1;
				DEVELOPMENT_TEAM = SX3NPQ665W;
				GENERATE_INFOPLIST_FILE = YES;
				IPHONEOS_DEPLOYMENT_TARGET = 18.2;
				MARKETING_VERSION = 1.0;
				PRODUCT_BUNDLE_IDENTIFIER = "nicolasDerbez.-WordScrambleTests";
				PRODUCT_NAME = "$(TARGET_NAME)";
				SWIFT_EMIT_LOC_STRINGS = NO;
				SWIFT_VERSION = 5.0;
				TARGETED_DEVICE_FAMILY = "1,2";
				TEST_HOST = "$(BUILT_PRODUCTS_DIR)/5WordScramble.app/$(BUNDLE_EXECUTABLE_FOLDER_PATH)/5WordScramble";
			};
			name = Release;
		};
		9EEC73D72D4A9E92000AF61B /* Debug */ = {
			isa = XCBuildConfiguration;
			buildSettings = {
				CODE_SIGN_STYLE = Automatic;
				CURRENT_PROJECT_VERSION = 1;
				DEVELOPMENT_TEAM = SX3NPQ665W;
				GENERATE_INFOPLIST_FILE = YES;
				MARKETING_VERSION = 1.0;
				PRODUCT_BUNDLE_IDENTIFIER = "nicolasDerbez.-WordScrambleUITests";
				PRODUCT_NAME = "$(TARGET_NAME)";
				SWIFT_EMIT_LOC_STRINGS = NO;
				SWIFT_VERSION = 5.0;
				TARGETED_DEVICE_FAMILY = "1,2";
				TEST_TARGET_NAME = 5WordScramble;
			};
			name = Debug;
		};
		9EEC73D82D4A9E92000AF61B /* Release */ = {
			isa = XCBuildConfiguration;
			buildSettings = {
				CODE_SIGN_STYLE = Automatic;
				CURRENT_PROJECT_VERSION = 1;
				DEVELOPMENT_TEAM = SX3NPQ665W;
				GENERATE_INFOPLIST_FILE = YES;
				MARKETING_VERSION = 1.0;
				PRODUCT_BUNDLE_IDENTIFIER = "nicolasDerbez.-WordScrambleUITests";
				PRODUCT_NAME = "$(TARGET_NAME)";
				SWIFT_EMIT_LOC_STRINGS = NO;
				SWIFT_VERSION = 5.0;
				TARGETED_DEVICE_FAMILY = "1,2";
				TEST_TARGET_NAME = 5WordScramble;
			};
			name = Release;
		};
/* End XCBuildConfiguration section */

/* Begin XCConfigurationList section */
		9EEC73A72D4A9E8F000AF61B /* Build configuration list for PBXProject "5WordScramble" */ = {
			isa = XCConfigurationList;
			buildConfigurations = (
				9EEC73CE2D4A9E92000AF61B /* Debug */,
				9EEC73CF2D4A9E92000AF61B /* Release */,
			);
			defaultConfigurationIsVisible = 0;
			defaultConfigurationName = Release;
		};
		9EEC73D02D4A9E92000AF61B /* Build configuration list for PBXNativeTarget "5WordScramble" */ = {
			isa = XCConfigurationList;
			buildConfigurations = (
				9EEC73D12D4A9E92000AF61B /* Debug */,
				9EEC73D22D4A9E92000AF61B /* Release */,
			);
			defaultConfigurationIsVisible = 0;
			defaultConfigurationName = Release;
		};
		9EEC73D32D4A9E92000AF61B /* Build configuration list for PBXNativeTarget "5WordScrambleTests" */ = {
			isa = XCConfigurationList;
			buildConfigurations = (
				9EEC73D42D4A9E92000AF61B /* Debug */,
				9EEC73D52D4A9E92000AF61B /* Release */,
			);
			defaultConfigurationIsVisible = 0;
			defaultConfigurationName = Release;
		};
		9EEC73D62D4A9E92000AF61B /* Build configuration list for PBXNativeTarget "5WordScrambleUITests" */ = {
			isa = XCConfigurationList;
			buildConfigurations = (
				9EEC73D72D4A9E92000AF61B /* Debug */,
				9EEC73D82D4A9E92000AF61B /* Release */,
			);
			defaultConfigurationIsVisible = 0;
			defaultConfigurationName = Release;
		};
/* End XCConfigurationList section */
	};
	rootObject = 9EEC73A42D4A9E8F000AF61B /* Project object */;
}
